
Microsoft Visual Studio Solution File, Format Version 12.00
# Visual Studio Version 17
VisualStudioVersion = 17.8.34408.163
MinimumVisualStudioVersion = 10.0.40219.1
Project("{2150E333-8FDC-42A3-9474-1A3956D46DE8}") = "api's", "api's", "{B4B1FEF9-7C6D-4004-8A74-8823FDAA7803}"
EndProject
Project("{2150E333-8FDC-42A3-9474-1A3956D46DE8}") = "Database", "Database", "{E6BBD433-6A72-497A-ADE9-CC210B13AA7A}"
EndProject
Project("{9A19103F-16F7-4668-BE54-9A1E7A4F7556}") = "Database.MSSQL", "Database.MSSQL\Database.MSSQL.csproj", "{3B643FA6-A05F-4628-8881-B0C91DC302A7}"
EndProject
Project("{2150E333-8FDC-42A3-9474-1A3956D46DE8}") = "Domain", "Domain", "{16F4D3D0-5F1E-45B6-9EEA-2ED2CC85AD7F}"
EndProject
Project("{9A19103F-16F7-4668-BE54-9A1E7A4F7556}") = "BOC.Domain", "BOC.Domain\BOC.Domain.csproj", "{65F40F6C-C574-4BD4-A270-68AB0178813C}"
EndProject
Project("{2150E333-8FDC-42A3-9474-1A3956D46DE8}") = "Dto's", "Dto's", "{03642FD2-769A-4478-AA3A-02DD4CC011A0}"
EndProject
Project("{9A19103F-16F7-4668-BE54-9A1E7A4F7556}") = "BOC.Dto", "BOC.Dto\BOC.Dto.csproj", "{BB38E1CF-E35F-45C3-A042-BC8626989B05}"
EndProject
Project("{2150E333-8FDC-42A3-9474-1A3956D46DE8}") = "Validation", "Validation", "{2B02DE0F-A051-492E-A50A-543E5A5DCA08}"
EndProject
Project("{9A19103F-16F7-4668-BE54-9A1E7A4F7556}") = "BOC.FluentValidation", "BOC.FluentValidation\BOC.FluentValidation.csproj", "{389671AF-039E-47B7-8A5F-82DB5AFEB649}"
EndProject
Project("{2150E333-8FDC-42A3-9474-1A3956D46DE8}") = "Processor", "Processor", "{2E1EAC3F-8D7F-4BFC-B8EA-BEB63123892F}"
EndProject
Project("{9A19103F-16F7-4668-BE54-9A1E7A4F7556}") = "BOC.Processor", "BOC.Processor\BOC.Processor.csproj", "{6FBE065B-43B9-4C7F-9EDB-B52E25A4437B}"
EndProject
Project("{9A19103F-16F7-4668-BE54-9A1E7A4F7556}") = "BOC.Customer_Project", "BOC.Customer_Project\BOC.Customer_Project.csproj", "{5D2C3A55-69DC-482C-926E-D158C2EDFFF0}"
EndProject
Project("{9A19103F-16F7-4668-BE54-9A1E7A4F7556}") = "BOC.Auth_Project", "BOC.Auth_Project\BOC.Auth_Project.csproj", "{47489708-58B7-436B-AD42-846BD61941A5}"
EndProject
Project("{2150E333-8FDC-42A3-9474-1A3956D46DE8}") = "Authentication", "Authentication", "{7C229EEC-2594-42A6-94C9-DE2A1C40375F}"
EndProject
Project("{FAE04EC0-301F-11D3-BF4B-00C04F79EFBC}") = "BOC.Authentication", "BOC.Authentication\BOC.Authentication.csproj", "{775812C0-4701-4E3B-B7B5-BC468FD49500}"
EndProject
Global
	GlobalSection(SolutionConfigurationPlatforms) = preSolution
		Debug|Any CPU = Debug|Any CPU
		Release|Any CPU = Release|Any CPU
	EndGlobalSection
	GlobalSection(ProjectConfigurationPlatforms) = postSolution
		{3B643FA6-A05F-4628-8881-B0C91DC302A7}.Debug|Any CPU.ActiveCfg = Debug|Any CPU
		{3B643FA6-A05F-4628-8881-B0C91DC302A7}.Debug|Any CPU.Build.0 = Debug|Any CPU
		{3B643FA6-A05F-4628-8881-B0C91DC302A7}.Release|Any CPU.ActiveCfg = Release|Any CPU
		{3B643FA6-A05F-4628-8881-B0C91DC302A7}.Release|Any CPU.Build.0 = Release|Any CPU
		{65F40F6C-C574-4BD4-A270-68AB0178813C}.Debug|Any CPU.ActiveCfg = Debug|Any CPU
		{65F40F6C-C574-4BD4-A270-68AB0178813C}.Debug|Any CPU.Build.0 = Debug|Any CPU
		{65F40F6C-C574-4BD4-A270-68AB0178813C}.Release|Any CPU.ActiveCfg = Release|Any CPU
		{65F40F6C-C574-4BD4-A270-68AB0178813C}.Release|Any CPU.Build.0 = Release|Any CPU
		{BB38E1CF-E35F-45C3-A042-BC8626989B05}.Debug|Any CPU.ActiveCfg = Debug|Any CPU
		{BB38E1CF-E35F-45C3-A042-BC8626989B05}.Debug|Any CPU.Build.0 = Debug|Any CPU
		{BB38E1CF-E35F-45C3-A042-BC8626989B05}.Release|Any CPU.ActiveCfg = Release|Any CPU
		{BB38E1CF-E35F-45C3-A042-BC8626989B05}.Release|Any CPU.Build.0 = Release|Any CPU
		{389671AF-039E-47B7-8A5F-82DB5AFEB649}.Debug|Any CPU.ActiveCfg = Debug|Any CPU
		{389671AF-039E-47B7-8A5F-82DB5AFEB649}.Debug|Any CPU.Build.0 = Debug|Any CPU
		{389671AF-039E-47B7-8A5F-82DB5AFEB649}.Release|Any CPU.ActiveCfg = Release|Any CPU
		{389671AF-039E-47B7-8A5F-82DB5AFEB649}.Release|Any CPU.Build.0 = Release|Any CPU
		{6FBE065B-43B9-4C7F-9EDB-B52E25A4437B}.Debug|Any CPU.ActiveCfg = Debug|Any CPU
		{6FBE065B-43B9-4C7F-9EDB-B52E25A4437B}.Debug|Any CPU.Build.0 = Debug|Any CPU
		{6FBE065B-43B9-4C7F-9EDB-B52E25A4437B}.Release|Any CPU.ActiveCfg = Release|Any CPU
		{6FBE065B-43B9-4C7F-9EDB-B52E25A4437B}.Release|Any CPU.Build.0 = Release|Any CPU
		{5D2C3A55-69DC-482C-926E-D158C2EDFFF0}.Debug|Any CPU.ActiveCfg = Debug|Any CPU
		{5D2C3A55-69DC-482C-926E-D158C2EDFFF0}.Debug|Any CPU.Build.0 = Debug|Any CPU
		{5D2C3A55-69DC-482C-926E-D158C2EDFFF0}.Release|Any CPU.ActiveCfg = Release|Any CPU
		{5D2C3A55-69DC-482C-926E-D158C2EDFFF0}.Release|Any CPU.Build.0 = Release|Any CPU
		{47489708-58B7-436B-AD42-846BD61941A5}.Debug|Any CPU.ActiveCfg = Debug|Any CPU
		{47489708-58B7-436B-AD42-846BD61941A5}.Debug|Any CPU.Build.0 = Debug|Any CPU
		{47489708-58B7-436B-AD42-846BD61941A5}.Release|Any CPU.ActiveCfg = Release|Any CPU
		{47489708-58B7-436B-AD42-846BD61941A5}.Release|Any CPU.Build.0 = Release|Any CPU
		{775812C0-4701-4E3B-B7B5-BC468FD49500}.Debug|Any CPU.ActiveCfg = Debug|Any CPU
		{775812C0-4701-4E3B-B7B5-BC468FD49500}.Debug|Any CPU.Build.0 = Debug|Any CPU
		{775812C0-4701-4E3B-B7B5-BC468FD49500}.Release|Any CPU.ActiveCfg = Release|Any CPU
		{775812C0-4701-4E3B-B7B5-BC468FD49500}.Release|Any CPU.Build.0 = Release|Any CPU
	EndGlobalSection
	GlobalSection(SolutionProperties) = preSolution
		HideSolutionNode = FALSE
	EndGlobalSection
	GlobalSection(NestedProjects) = preSolution
		{3B643FA6-A05F-4628-8881-B0C91DC302A7} = {E6BBD433-6A72-497A-ADE9-CC210B13AA7A}
		{65F40F6C-C574-4BD4-A270-68AB0178813C} = {16F4D3D0-5F1E-45B6-9EEA-2ED2CC85AD7F}
		{BB38E1CF-E35F-45C3-A042-BC8626989B05} = {03642FD2-769A-4478-AA3A-02DD4CC011A0}
		{389671AF-039E-47B7-8A5F-82DB5AFEB649} = {2B02DE0F-A051-492E-A50A-543E5A5DCA08}
		{6FBE065B-43B9-4C7F-9EDB-B52E25A4437B} = {2E1EAC3F-8D7F-4BFC-B8EA-BEB63123892F}
		{5D2C3A55-69DC-482C-926E-D158C2EDFFF0} = {B4B1FEF9-7C6D-4004-8A74-8823FDAA7803}
		{47489708-58B7-436B-AD42-846BD61941A5} = {B4B1FEF9-7C6D-4004-8A74-8823FDAA7803}
		{775812C0-4701-4E3B-B7B5-BC468FD49500} = {7C229EEC-2594-42A6-94C9-DE2A1C40375F}
	EndGlobalSection
	GlobalSection(ExtensibilityGlobals) = postSolution
		SolutionGuid = {97DBB00C-FE4D-44F9-81C3-18657550A70F}
	EndGlobalSection
EndGlobal
